{
  "version": 1,
  "sidecar": "git@github.com:compozy/specs.git",
  "source_branch": "main",
  "namespaces": [
    {
      "name": "agh",
      "sidecar_branch": "agh/__branches__/main",
      "commit": "3af5e813021e05ca7d7ef17cf3c99fb973429827",
      "digest": "sha256:c3df9f816f1dbf4d9a3d60e9dd5c8084eae5d8c3601e963c4b6aa7ca493f1dd7",
      "files": 7730,
      "bytes": 130792685
    }
  ]
}
