{
  "version": 1,
  "sidecar": "git@github.com:compozy/specs.git",
  "source_branch": "main",
  "namespaces": [
    {
      "name": "agh",
      "sidecar_branch": "agh/__branches__/main",
      "commit": "4d6439a119c3e68743a1c1ac6177d2e26b051de2",
      "digest": "sha256:e2d753fb4017bdeaebc5b86b2153ec18bc66167850b983e91683d206a43a6f1e",
      "files": 7564,
      "bytes": 128161615
    }
  ]
}
